
Microsoft Visual Studio Solution File, Format Version 12.00
# Visual Studio Version 17
VisualStudioVersion = 17.5.33530.505
MinimumVisualStudioVersion = 10.0.40219.1
Project("{9A19103F-16F7-4668-BE54-9A1E7A4F7556}") = "Business", "Business\Business.csproj", "{D7828398-1E27-4A79-B6E3-0E18E2E39052}"
EndProject
Project("{9A19103F-16F7-4668-BE54-9A1E7A4F7556}") = "Entities", "Entities\Entities.csproj", "{419384D4-69C8-4E44-AF5B-A155776AD8CF}"
EndProject
Project("{9A19103F-16F7-4668-BE54-9A1E7A4F7556}") = "DataAccess", "DataAccess\DataAccess.csproj", "{7629C4AA-25E7-4DFD-B7FD-07B8EE8946A8}"
EndProject
Project("{9A19103F-16F7-4668-BE54-9A1E7A4F7556}") = "SheepControlApi", "SheepControlApi\SheepControlApi.csproj", "{5EAC3577-6615-4938-A938-31F0D3634F34}"
EndProject
Global
	GlobalSection(SolutionConfigurationPlatforms) = preSolution
		Debug|Any CPU = Debug|Any CPU
		Release|Any CPU = Release|Any CPU
	EndGlobalSection
	GlobalSection(ProjectConfigurationPlatforms) = postSolution
		{D7828398-1E27-4A79-B6E3-0E18E2E39052}.Debug|Any CPU.ActiveCfg = Debug|Any CPU
		{D7828398-1E27-4A79-B6E3-0E18E2E39052}.Debug|Any CPU.Build.0 = Debug|Any CPU
		{D7828398-1E27-4A79-B6E3-0E18E2E39052}.Release|Any CPU.ActiveCfg = Release|Any CPU
		{D7828398-1E27-4A79-B6E3-0E18E2E39052}.Release|Any CPU.Build.0 = Release|Any CPU
		{419384D4-69C8-4E44-AF5B-A155776AD8CF}.Debug|Any CPU.ActiveCfg = Debug|Any CPU
		{419384D4-69C8-4E44-AF5B-A155776AD8CF}.Debug|Any CPU.Build.0 = Debug|Any CPU
		{419384D4-69C8-4E44-AF5B-A155776AD8CF}.Release|Any CPU.ActiveCfg = Release|Any CPU
		{419384D4-69C8-4E44-AF5B-A155776AD8CF}.Release|Any CPU.Build.0 = Release|Any CPU
		{7629C4AA-25E7-4DFD-B7FD-07B8EE8946A8}.Debug|Any CPU.ActiveCfg = Debug|Any CPU
		{7629C4AA-25E7-4DFD-B7FD-07B8EE8946A8}.Debug|Any CPU.Build.0 = Debug|Any CPU
		{7629C4AA-25E7-4DFD-B7FD-07B8EE8946A8}.Release|Any CPU.ActiveCfg = Release|Any CPU
		{7629C4AA-25E7-4DFD-B7FD-07B8EE8946A8}.Release|Any CPU.Build.0 = Release|Any CPU
		{5EAC3577-6615-4938-A938-31F0D3634F34}.Debug|Any CPU.ActiveCfg = Debug|Any CPU
		{5EAC3577-6615-4938-A938-31F0D3634F34}.Debug|Any CPU.Build.0 = Debug|Any CPU
		{5EAC3577-6615-4938-A938-31F0D3634F34}.Release|Any CPU.ActiveCfg = Release|Any CPU
		{5EAC3577-6615-4938-A938-31F0D3634F34}.Release|Any CPU.Build.0 = Release|Any CPU
	EndGlobalSection
	GlobalSection(SolutionProperties) = preSolution
		HideSolutionNode = FALSE
	EndGlobalSection
	GlobalSection(ExtensibilityGlobals) = postSolution
		SolutionGuid = {B3C6B0D1-C6FB-4FA6-8497-A8058A1765E7}
	EndGlobalSection
EndGlobal
